
Microsoft Visual Studio Solution File, Format Version 12.00
# Visual Studio Version 17
VisualStudioVersion = 17.13.35825.156
MinimumVisualStudioVersion = 10.0.40219.1
Project("{FAE04EC0-301F-11D3-BF4B-00C04F79EFBC}") = "Test", "Test\Test.csproj", "{39AAFBDB-44B4-45ED-A08C-9D28A2EB15A9}"
EndProject
Project("{FAE04EC0-301F-11D3-BF4B-00C04F79EFBC}") = "CodeGym", "CodeGymBt\CodeGym.csproj", "{84164670-C1A7-43A8-B47C-D9BDA4DCFECE}"
EndProject
Project("{2150E333-8FDC-42A3-9474-1A3956D46DE8}") = "Storage", "Storage", "{02EA681E-C7D8-13C7-8484-4AC65E1B71E8}"
	ProjectSection(SolutionItems) = preProject
		AddItemArray.cs = AddItemArray.cs
		ArrListDicAndOthers.cs = ArrListDicAndOthers.cs
		Circle Cylinder Class.cs = Circle Cylinder Class.cs
		DateShow.cs = DateShow.cs
		Ex Abstract ToString.cs = Ex Abstract ToString.cs
		Ex Animal Fruit Interface.cs = Ex Animal Fruit Interface.cs
		Ex IColor IsA.cs = Ex IColor IsA.cs
		Ex Point2D3D.cs = Ex Point2D3D.cs
		Ex Polymorphism.cs = Ex Polymorphism.cs
		Ex Shape Interface.cs = Ex Shape Interface.cs
		Fan.cs = Fan.cs
		FindMaxNumberArray.cs = FindMaxNumberArray.cs
		FindTotalMainDiagonal.cs = FindTotalMainDiagonal.cs
		IComparer - rable.cs = IComparer - rable.cs
		InterestPerMonth.cs = InterestPerMonth.cs
		LargestCommonDivisor.cs = LargestCommonDivisor.cs
		LoiChao.cs = LoiChao.cs
		MinerShow.cs = MinerShow.cs
		PracticeArrListDic.cs = PracticeArrListDic.cs
		PrimeNumber1.cs = PrimeNumber1.cs
		PrimeNumber2.cs = PrimeNumber2.cs
		PrintRecTriangleStar.cs = PrintRecTriangleStar.cs
		ReadNumber.cs = ReadNumber.cs
		ShowNumberOfPrime.cs = ShowNumberOfPrime.cs
		SortingArr.cs = SortingArr.cs
		SoSanhA++.cs = SoSanhA++.cs
		SoSanhObjDynVar.cs = SoSanhObjDynVar.cs
		Thread Task.cs = Thread Task.cs
		TuoisangNgay.cs = TuoisangNgay.cs
		TyGia.cs = TyGia.cs
	EndProjectSection
EndProject
Project("{FAE04EC0-301F-11D3-BF4B-00C04F79EFBC}") = "Compare", "Compare\Compare.csproj", "{53BDA6F4-1A90-4250-95B1-7F04ED265986}"
EndProject
Project("{FAE04EC0-301F-11D3-BF4B-00C04F79EFBC}") = "Snake", "Snake\Snake.csproj", "{DEF9C352-18CC-4361-8D0D-23A9482EF24F}"
EndProject
Project("{FAE04EC0-301F-11D3-BF4B-00C04F79EFBC}") = "AI Code", "AI Code\AI Code.csproj", "{D3FE8AD1-5A85-4597-932C-4289168AE40F}"
EndProject
Global
	GlobalSection(SolutionConfigurationPlatforms) = preSolution
		Debug|Any CPU = Debug|Any CPU
		Release|Any CPU = Release|Any CPU
	EndGlobalSection
	GlobalSection(ProjectConfigurationPlatforms) = postSolution
		{39AAFBDB-44B4-45ED-A08C-9D28A2EB15A9}.Debug|Any CPU.ActiveCfg = Debug|Any CPU
		{39AAFBDB-44B4-45ED-A08C-9D28A2EB15A9}.Debug|Any CPU.Build.0 = Debug|Any CPU
		{39AAFBDB-44B4-45ED-A08C-9D28A2EB15A9}.Release|Any CPU.ActiveCfg = Release|Any CPU
		{39AAFBDB-44B4-45ED-A08C-9D28A2EB15A9}.Release|Any CPU.Build.0 = Release|Any CPU
		{84164670-C1A7-43A8-B47C-D9BDA4DCFECE}.Debug|Any CPU.ActiveCfg = Debug|Any CPU
		{84164670-C1A7-43A8-B47C-D9BDA4DCFECE}.Debug|Any CPU.Build.0 = Debug|Any CPU
		{84164670-C1A7-43A8-B47C-D9BDA4DCFECE}.Release|Any CPU.ActiveCfg = Release|Any CPU
		{84164670-C1A7-43A8-B47C-D9BDA4DCFECE}.Release|Any CPU.Build.0 = Release|Any CPU
		{53BDA6F4-1A90-4250-95B1-7F04ED265986}.Debug|Any CPU.ActiveCfg = Debug|Any CPU
		{53BDA6F4-1A90-4250-95B1-7F04ED265986}.Debug|Any CPU.Build.0 = Debug|Any CPU
		{53BDA6F4-1A90-4250-95B1-7F04ED265986}.Release|Any CPU.ActiveCfg = Release|Any CPU
		{53BDA6F4-1A90-4250-95B1-7F04ED265986}.Release|Any CPU.Build.0 = Release|Any CPU
		{DEF9C352-18CC-4361-8D0D-23A9482EF24F}.Debug|Any CPU.ActiveCfg = Debug|Any CPU
		{DEF9C352-18CC-4361-8D0D-23A9482EF24F}.Debug|Any CPU.Build.0 = Debug|Any CPU
		{DEF9C352-18CC-4361-8D0D-23A9482EF24F}.Release|Any CPU.ActiveCfg = Release|Any CPU
		{DEF9C352-18CC-4361-8D0D-23A9482EF24F}.Release|Any CPU.Build.0 = Release|Any CPU
		{D3FE8AD1-5A85-4597-932C-4289168AE40F}.Debug|Any CPU.ActiveCfg = Debug|Any CPU
		{D3FE8AD1-5A85-4597-932C-4289168AE40F}.Debug|Any CPU.Build.0 = Debug|Any CPU
		{D3FE8AD1-5A85-4597-932C-4289168AE40F}.Release|Any CPU.ActiveCfg = Release|Any CPU
		{D3FE8AD1-5A85-4597-932C-4289168AE40F}.Release|Any CPU.Build.0 = Release|Any CPU
	EndGlobalSection
	GlobalSection(SolutionProperties) = preSolution
		HideSolutionNode = FALSE
	EndGlobalSection
	GlobalSection(ExtensibilityGlobals) = postSolution
		SolutionGuid = {147E4FE6-0049-4104-AF3E-1A7D6595562E}
	EndGlobalSection
EndGlobal
