
Microsoft Visual Studio Solution File, Format Version 12.00
# Visual Studio Version 17
VisualStudioVersion = 17.13.35825.156
MinimumVisualStudioVersion = 10.0.40219.1
Project("{FAE04EC0-301F-11D3-BF4B-00C04F79EFBC}") = "CG1", "CG1\CG1.csproj", "{48281D47-73A1-4B46-ADE3-E056AAF26116}"
EndProject
Project("{FAE04EC0-301F-11D3-BF4B-00C04F79EFBC}") = "CG2", "CG2\CG2.csproj", "{0F8C74EA-86DA-4F2D-8DED-2645FDE0B492}"
EndProject
Project("{FAE04EC0-301F-11D3-BF4B-00C04F79EFBC}") = "Bt2", "CG3\Bt2.csproj", "{5602D87D-170D-432D-9379-CAB3D0B7C77B}"
EndProject
Project("{FAE04EC0-301F-11D3-BF4B-00C04F79EFBC}") = "Bt1", "Bt1\Bt1.csproj", "{8E5448B1-4391-4DC3-B027-FB27016551DA}"
EndProject
Global
	GlobalSection(SolutionConfigurationPlatforms) = preSolution
		Debug|Any CPU = Debug|Any CPU
		Release|Any CPU = Release|Any CPU
	EndGlobalSection
	GlobalSection(ProjectConfigurationPlatforms) = postSolution
		{48281D47-73A1-4B46-ADE3-E056AAF26116}.Debug|Any CPU.ActiveCfg = Debug|Any CPU
		{48281D47-73A1-4B46-ADE3-E056AAF26116}.Debug|Any CPU.Build.0 = Debug|Any CPU
		{48281D47-73A1-4B46-ADE3-E056AAF26116}.Release|Any CPU.ActiveCfg = Release|Any CPU
		{48281D47-73A1-4B46-ADE3-E056AAF26116}.Release|Any CPU.Build.0 = Release|Any CPU
		{0F8C74EA-86DA-4F2D-8DED-2645FDE0B492}.Debug|Any CPU.ActiveCfg = Debug|Any CPU
		{0F8C74EA-86DA-4F2D-8DED-2645FDE0B492}.Debug|Any CPU.Build.0 = Debug|Any CPU
		{0F8C74EA-86DA-4F2D-8DED-2645FDE0B492}.Release|Any CPU.ActiveCfg = Release|Any CPU
		{0F8C74EA-86DA-4F2D-8DED-2645FDE0B492}.Release|Any CPU.Build.0 = Release|Any CPU
		{5602D87D-170D-432D-9379-CAB3D0B7C77B}.Debug|Any CPU.ActiveCfg = Debug|Any CPU
		{5602D87D-170D-432D-9379-CAB3D0B7C77B}.Debug|Any CPU.Build.0 = Debug|Any CPU
		{5602D87D-170D-432D-9379-CAB3D0B7C77B}.Release|Any CPU.ActiveCfg = Release|Any CPU
		{5602D87D-170D-432D-9379-CAB3D0B7C77B}.Release|Any CPU.Build.0 = Release|Any CPU
		{8E5448B1-4391-4DC3-B027-FB27016551DA}.Debug|Any CPU.ActiveCfg = Debug|Any CPU
		{8E5448B1-4391-4DC3-B027-FB27016551DA}.Debug|Any CPU.Build.0 = Debug|Any CPU
		{8E5448B1-4391-4DC3-B027-FB27016551DA}.Release|Any CPU.ActiveCfg = Release|Any CPU
		{8E5448B1-4391-4DC3-B027-FB27016551DA}.Release|Any CPU.Build.0 = Release|Any CPU
	EndGlobalSection
	GlobalSection(SolutionProperties) = preSolution
		HideSolutionNode = FALSE
	EndGlobalSection
	GlobalSection(ExtensibilityGlobals) = postSolution
		SolutionGuid = {147E4FE6-0049-4104-AF3E-1A7D6595562E}
	EndGlobalSection
EndGlobal
